<?xml version="1.0" encoding="utf-8"?>
<Project ToolsVersion="4.0" xmlns="http://schemas.microsoft.com/developer/msbuild/2003">
  <ItemGroup>
    <Filter Include="Исходные файлы">
      <UniqueIdentifier>{4FC737F1-C7A5-4376-A066-2A32D752A2FF}</UniqueIdentifier>
      <Extensions>cpp;c;cc;cxx;c++;cppm;ixx;def;odl;idl;hpj;bat;asm;asmx</Extensions>
    </Filter>
    <Filter Include="Файлы заголовков">
      <UniqueIdentifier>{93995380-89BD-4b04-88EB-625FBE52EBFB}</UniqueIdentifier>
      <Extensions>h;hh;hpp;hxx;h++;hm;inl;inc;ipp;xsd</Extensions>
    </Filter>
    <Filter Include="Файлы ресурсов">
      <UniqueIdentifier>{67DA6AB6-F800-4c08-8B7A-83BB121AAD01}</UniqueIdentifier>
      <Extensions>rc;ico;cur;bmp;dlg;rc2;rct;bin;rgs;gif;jpg;jpeg;jpe;resx;tiff;tif;png;wav;mfcribbon-ms</Extensions>
    </Filter>
  </ItemGroup>
  <ItemGroup>
    <ClCompile Include="ConsoleApplication1.cpp">
      <Filter>Исходные файлы</Filter>
    </ClCompile>
    <ClCompile Include="R64M.cpp">
      <Filter>Исходные файлы</Filter>
    </ClCompile>
  </ItemGroup>
  <ItemGroup>
    <ClInclude Include="Eigen\src\QR\ColPivHouseholderQR.h">
      <Filter>Файлы заголовков</Filter>
    </ClInclude>
    <ClInclude Include="Eigen\src\QR\ColPivHouseholderQR_LAPACKE.h">
      <Filter>Файлы заголовков</Filter>
    </ClInclude>
    <ClInclude Include="Eigen\src\QR\CompleteOrthogonalDecomposition.h">
      <Filter>Файлы заголовков</Filter>
    </ClInclude>
    <ClInclude Include="Eigen\src\QR\FullPivHouseholderQR.h">
      <Filter>Файлы заголовков</Filter>
    </ClInclude>
    <ClInclude Include="Eigen\src\QR\HouseholderQR.h">
      <Filter>Файлы заголовков</Filter>
    </ClInclude>
    <ClInclude Include="Eigen\src\QR\HouseholderQR_LAPACKE.h">
      <Filter>Файлы заголовков</Filter>
    </ClInclude>
    <ClInclude Include="R64M.hpp">
      <Filter>Файлы заголовков</Filter>
    </ClInclude>
  </ItemGroup>
  <ItemGroup>
    <None Include="Eigen\Cholesky" />
    <None Include="Eigen\CholmodSupport" />
    <None Include="Eigen\Core" />
    <None Include="Eigen\Dense" />
    <None Include="Eigen\Eigen" />
    <None Include="Eigen\Eigenvalues" />
    <None Include="Eigen\Geometry" />
    <None Include="Eigen\Householder" />
    <None Include="Eigen\IterativeLinearSolvers" />
    <None Include="Eigen\Jacobi" />
    <None Include="Eigen\KLUSupport" />
    <None Include="Eigen\LU" />
    <None Include="Eigen\MetisSupport" />
    <None Include="Eigen\OrderingMethods" />
    <None Include="Eigen\PardisoSupport" />
    <None Include="Eigen\PaStiXSupport" />
    <None Include="Eigen\QR" />
    <None Include="Eigen\QtAlignedMalloc" />
    <None Include="Eigen\Sparse" />
    <None Include="Eigen\SparseCholesky" />
    <None Include="Eigen\SparseCore" />
    <None Include="Eigen\SparseLU" />
    <None Include="Eigen\SparseQR" />
    <None Include="Eigen\SPQRSupport" />
    <None Include="Eigen\StdDeque" />
    <None Include="Eigen\StdList" />
    <None Include="Eigen\StdVector" />
    <None Include="Eigen\SuperLUSupport" />
    <None Include="Eigen\SVD" />
    <None Include="Eigen\UmfPackSupport" />
  </ItemGroup>
</Project>